
Microsoft Visual Studio Solution File, Format Version 12.00
# Visual Studio Version 16
VisualStudioVersion = 16.0.31702.278
MinimumVisualStudioVersion = 10.0.40219.1
Project("{FAE04EC0-301F-11D3-BF4B-00C04F79EFBC}") = "Farcas_Diana_Lab2", "Farcas_Diana_Lab2.csproj", "{B2396085-67AC-4C94-85C4-4A90FAA63624}"
EndProject
Global
	GlobalSection(SolutionConfigurationPlatforms) = preSolution
		Debug|Any CPU = Debug|Any CPU
		Release|Any CPU = Release|Any CPU
	EndGlobalSection
	GlobalSection(ProjectConfigurationPlatforms) = postSolution
		{B2396085-67AC-4C94-85C4-4A90FAA63624}.Debug|Any CPU.ActiveCfg = Debug|Any CPU
		{B2396085-67AC-4C94-85C4-4A90FAA63624}.Debug|Any CPU.Build.0 = Debug|Any CPU
		{B2396085-67AC-4C94-85C4-4A90FAA63624}.Release|Any CPU.ActiveCfg = Release|Any CPU
		{B2396085-67AC-4C94-85C4-4A90FAA63624}.Release|Any CPU.Build.0 = Release|Any CPU
	EndGlobalSection
	GlobalSection(SolutionProperties) = preSolution
		HideSolutionNode = FALSE
	EndGlobalSection
	GlobalSection(ExtensibilityGlobals) = postSolution
		SolutionGuid = {4874678B-5716-488E-8E6D-42DA05E77A48}
	EndGlobalSection
EndGlobal
